// !$*UTF8*$!
{
	archiveVersion = 1;
	classes = {
	};
	objectVersion = 46;
	objects = {

/* Begin PBXBuildFile section */
		D86C0BD21C98A33E00566691 /* AppDelegate.swift in Sources */ = {isa = PBXBuildFile; fileRef = D86C0BD11C98A33E00566691 /* AppDelegate.swift */; };
		D86C0BD41C98A33E00566691 /* ViewController.swift in Sources */ = {isa = PBXBuildFile; fileRef = D86C0BD31C98A33E00566691 /* ViewController.swift */; };
		D86C0BD71C98A33E00566691 /* Main.storyboard in Resources */ = {isa = PBXBuildFile; fileRef = D86C0BD51C98A33E00566691 /* Main.storyboard */; };
		D86C0BD91C98A33E00566691 /* Assets.xcassets in Resources */ = {isa = PBXBuildFile; fileRef = D86C0BD81C98A33E00566691 /* Assets.xcassets */; };
		D86C0BDC1C98A33E00566691 /* LaunchScreen.storyboard in Resources */ = {isa = PBXBuildFile; fileRef = D86C0BDA1C98A33E00566691 /* LaunchScreen.storyboard */; };
/* End PBXBuildFile section */

/* Begin PBXFileReference section */
		D86C0BCE1C98A33E00566691 /* SuperCoolRedo.app */ = {isa = PBXFileReference; explicitFileType = wrapper.application; includeInIndex = 0; path = SuperCoolRedo.app; sourceTree = BUILT_PRODUCTS_DIR; };
		D86C0BD11C98A33E00566691 /* AppDelegate.swift */ = {isa = PBXFileReference; lastKnownFileType = sourcecode.swift; path = AppDelegate.swift; sourceTree = "<group>"; };
		D86C0BD31C98A33E00566691 /* ViewController.swift */ = {isa = PBXFileReference; lastKnownFileType = sourcecode.swift; path = ViewController.swift; sourceTree = "<group>"; };
		D86C0BD61C98A33E00566691 /* Base */ = {isa = PBXFileReference; lastKnownFileType = file.storyboard; name = Base; path = Base.lproj/Main.storyboard; sourceTree = "<group>"; };
		D86C0BD81C98A33E00566691 /* Assets.xcassets */ = {isa = PBXFileReference; lastKnownFileType = folder.assetcatalog; path = Assets.xcassets; sourceTree = "<group>"; };
		D86C0BDB1C98A33E00566691 /* Base */ = {isa = PBXFileReference; lastKnownFileType = file.storyboard; name = Base; path = Base.lproj/LaunchScreen.storyboard; sourceTree = "<group>"; };
		D86C0BDD1C98A33E00566691 /* Info.plist */ = {isa = PBXFileReference; lastKnownFileType = text.plist.xml; path = Info.plist; sourceTree = "<group>"; };
/* End PBXFileReference section */

/* Begin PBXFrameworksBuildPhase section */
		D86C0BCB1C98A33E00566691 /* Frameworks */ = {
			isa = PBXFrameworksBuildPhase;
			buildActionMask = 2147483647;
			files = (
			);
			runOnlyForDeploymentPostprocessing = 0;
		};
/* End PBXFrameworksBuildPhase section */

/* Begin PBXGroup section */
		D86C0BC51C98A33E00566691 = {
			isa = PBXGroup;
			children = (
				D86C0BD01C98A33E00566691 /* SuperCoolRedo */,
				D86C0BCF1C98A33E00566691 /* Products */,
			);
			sourceTree = "<group>";
		};
		D86C0BCF1C98A33E00566691 /* Products */ = {
			isa = PBXGroup;
			children = (
				D86C0BCE1C98A33E00566691 /* SuperCoolRedo.app */,
			);
			name = Products;
			sourceTree = "<group>";
		};
		D86C0BD01C98A33E00566691 /* SuperCoolRedo */ = {
			isa = PBXGroup;
			children = (
				D86C0BD11C98A33E00566691 /* AppDelegate.swift */,
				D86C0BD31C98A33E00566691 /* ViewController.swift */,
				D86C0BD51C98A33E00566691 /* Main.storyboard */,
				D86C0BD81C98A33E00566691 /* Assets.xcassets */,
				D86C0BDA1C98A33E00566691 /* LaunchScreen.storyboard */,
				D86C0BDD1C98A33E00566691 /* Info.plist */,
			);
			path = SuperCoolRedo;
			sourceTree = "<group>";
		};
/* End PBXGroup section */

/* Begin PBXNativeTarget section */
		D86C0BCD1C98A33E00566691 /* SuperCoolRedo */ = {
			isa = PBXNativeTarget;
			buildConfigurationList = D86C0BE01C98A33E00566691 /* Build configuration list for PBXNativeTarget "SuperCoolRedo" */;
			buildPhases = (
				D86C0BCA1C98A33E00566691 /* Sources */,
				D86C0BCB1C98A33E00566691 /* Frameworks */,
				D86C0BCC1C98A33E00566691 /* Resources */,
			);
			buildRules = (
			);
			dependencies = (
			);
			name = SuperCoolRedo;
			productName = SuperCoolRedo;
			productReference = D86C0BCE1C98A33E00566691 /* SuperCoolRedo.app */;
			productType = "com.apple.product-type.application";
		};
/* End PBXNativeTarget section */

/* Begin PBXProject section */
		D86C0BC61C98A33E00566691 /* Project object */ = {
			isa = PBXProject;
			attributes = {
				LastSwiftUpdateCheck = 0720;
				LastUpgradeCheck = 0720;
				ORGANIZATIONNAME = "Hayward Apps";
				TargetAttributes = {
					D86C0BCD1C98A33E00566691 = {
						CreatedOnToolsVersion = 7.2.1;
					};
				};
			};
			buildConfigurationList = D86C0BC91C98A33E00566691 /* Build configuration list for PBXProject "SuperCoolRedo" */;
			compatibilityVersion = "Xcode 3.2";
			developmentRegion = English;
			hasScannedForEncodings = 0;
			knownRegions = (
				en,
				Base,
			);
			mainGroup = D86C0BC51C98A33E00566691;
			productRefGroup = D86C0BCF1C98A33E00566691 /* Products */;
			projectDirPath = "";
			projectRoot = "";
			targets = (
				D86C0BCD1C98A33E00566691 /* SuperCoolRedo */,
			);
		};
/* End PBXProject section */

/* Begin PBXResourcesBuildPhase section */
		D86C0BCC1C98A33E00566691 /* Resources */ = {
			isa = PBXResourcesBuildPhase;
			buildActionMask = 2147483647;
			files = (
				D86C0BDC1C98A33E00566691 /* LaunchScreen.storyboard in Resources */,
				D86C0BD91C98A33E00566691 /* Assets.xcassets in Resources */,
				D86C0BD71C98A33E00566691 /* Main.storyboard in Resources */,
			);
			runOnlyForDeploymentPostprocessing = 0;
		};
/* End PBXResourcesBuildPhase section */

/* Begin PBXSourcesBuildPhase section */
		D86C0BCA1C98A33E00566691 /* Sources */ = {
			isa = PBXSourcesBuildPhase;
			buildActionMask = 2147483647;
			files = (
				D86C0BD41C98A33E00566691 /* ViewController.swift in Sources */,
				D86C0BD21C98A33E00566691 /* AppDelegate.swift in Sources */,
			);
			runOnlyForDeploymentPostprocessing = 0;
		};
/* End PBXSourcesBuildPhase section */

/* Begin PBXVariantGroup section */
		D86C0BD51C98A33E00566691 /* Main.storyboard */ = {
			isa = PBXVariantGroup;
			children = (
				D86C0BD61C98A33E00566691 /* Base */,
			);
			name = Main.storyboard;
			sourceTree = "<group>";
		};
		D86C0BDA1C98A33E00566691 /* LaunchScreen.storyboard */ = {
			isa = PBXVariantGroup;
			children = (
				D86C0BDB1C98A33E00566691 /* Base */,
			);
			name = LaunchScreen.storyboard;
			sourceTree = "<group>";
		};
/* End PBXVariantGroup section */

/* Begin XCBuildConfiguration section */
		D86C0BDE1C98A33E00566691 /* Debug */ = {
			isa = XCBuildConfiguration;
			buildSettings = {
				ALWAYS_SEARCH_USER_PATHS = NO;
				CLANG_CXX_LANGUAGE_STANDARD = "gnu++0x";
				CLANG_CXX_LIBRARY = "libc++";
				CLANG_ENABLE_MODULES = YES;
				CLANG_ENABLE_OBJC_ARC = YES;
				CLANG_WARN_BOOL_CONVERSION = YES;
				CLANG_WARN_CONSTANT_CONVERSION = YES;
				CLANG_WARN_DIRECT_OBJC_ISA_USAGE = YES_ERROR;
				CLANG_WARN_EMPTY_BODY = YES;
				CLANG_WARN_ENUM_CONVERSION = YES;
				CLANG_WARN_INT_CONVERSION = YES;
				CLANG_WARN_OBJC_ROOT_CLASS = YES_ERROR;
				CLANG_WARN_UNREACHABLE_CODE = YES;
				CLANG_WARN__DUPLICATE_METHOD_MATCH = YES;
				"CODE_SIGN_IDENTITY[sdk=iphoneos*]" = "iPhone Developer";
				COPY_PHASE_STRIP = NO;
				DEBUG_INFORMATION_FORMAT = dwarf;
				ENABLE_STRICT_OBJC_MSGSEND = YES;
				ENABLE_TESTABILITY = YES;
				GCC_C_LANGUAGE_STANDARD = gnu99;
				GCC_DYNAMIC_NO_PIC = NO;
				GCC_NO_COMMON_BLOCKS = YES;
				GCC_OPTIMIZATION_LEVEL = 0;
				GCC_PREPROCESSOR_DEFINITIONS = (
					"DEBUG=1",
					"$(inherited)",
				);
				GCC_WARN_64_TO_32_BIT_CONVERSION = YES;
				GCC_WARN_ABOUT_RETURN_TYPE = YES_ERROR;
				GCC_WARN_UNDECLARED_SELECTOR = YES;
				GCC_WARN_UNINITIALIZED_AUTOS = YES_AGGRESSIVE;
				GCC_WARN_UNUSED_FUNCTION = YES;
				GCC_WARN_UNUSED_VARIABLE = YES;
				IPHONEOS_DEPLOYMENT_TARGET = 9.2;
				MTL_ENABLE_DEBUG_INFO = YES;
				ONLY_ACTIVE_ARCH = YES;
				SDKROOT = iphoneos;
				SWIFT_OPTIMIZATION_LEVEL = "-Onone";
			};
			name = Debug;
		};
		D86C0BDF1C98A33E00566691 /* Release */ = {
			isa = XCBuildConfiguration;
			buildSettings = {
				ALWAYS_SEARCH_USER_PATHS = NO;
				CLANG_CXX_LANGUAGE_STANDARD = "gnu++0x";
				CLANG_CXX_LIBRARY = "libc++";
				CLANG_ENABLE_MODULES = YES;
				CLANG_ENABLE_OBJC_ARC = YES;
				CLANG_WARN_BOOL_CONVERSION = YES;
				CLANG_WARN_CONSTANT_CONVERSION = YES;
				CLANG_WARN_DIRECT_OBJC_ISA_USAGE = YES_ERROR;
				CLANG_WARN_EMPTY_BODY = YES;
				CLANG_WARN_ENUM_CONVERSION = YES;
				CLANG_WARN_INT_CONVERSION = YES;
				CLANG_WARN_OBJC_ROOT_CLASS = YES_ERROR;
				CLANG_WARN_UNREACHABLE_CODE = YES;
				CLANG_WARN__DUPLICATE_METHOD_MATCH = YES;
				"CODE_SIGN_IDENTITY[sdk=iphoneos*]" = "iPhone Developer";
				COPY_PHASE_STRIP = NO;
				DEBUG_INFORMATION_FORMAT = "dwarf-with-dsym";
				ENABLE_NS_ASSERTIONS = NO;
				ENABLE_STRICT_OBJC_MSGSEND = YES;
				GCC_C_LANGUAGE_STANDARD = gnu99;
				GCC_NO_COMMON_BLOCKS = YES;
				GCC_WARN_64_TO_32_BIT_CONVERSION = YES;
				GCC_WARN_ABOUT_RETURN_TYPE = YES_ERROR;
				GCC_WARN_UNDECLARED_SELECTOR = YES;
				GCC_WARN_UNINITIALIZED_AUTOS = YES_AGGRESSIVE;
				GCC_WARN_UNUSED_FUNCTION = YES;
				GCC_WARN_UNUSED_VARIABLE = YES;
				IPHONEOS_DEPLOYMENT_TARGET = 9.2;
				MTL_ENABLE_DEBUG_INFO = NO;
				SDKROOT = iphoneos;
				VALIDATE_PRODUCT = YES;
			};
			name = Release;
		};
		D86C0BE11C98A33E00566691 /* Debug */ = {
			isa = XCBuildConfiguration;
			buildSettings = {
				ASSETCATALOG_COMPILER_APPICON_NAME = AppIcon;
				INFOPLIST_FILE = SuperCoolRedo/Info.plist;
				LD_RUNPATH_SEARCH_PATHS = "$(inherited) @executable_path/Frameworks";
				PRODUCT_BUNDLE_IDENTIFIER = com.NathanHayward.SuperCoolRedo;
				PRODUCT_NAME = "$(TARGET_NAME)";
			};
			name = Debug;
		};
		D86C0BE21C98A33E00566691 /* Release */ = {
			isa = XCBuildConfiguration;
			buildSettings = {
				ASSETCATALOG_COMPILER_APPICON_NAME = AppIcon;
				INFOPLIST_FILE = SuperCoolRedo/Info.plist;
				LD_RUNPATH_SEARCH_PATHS = "$(inherited) @executable_path/Frameworks";
				PRODUCT_BUNDLE_IDENTIFIER = com.NathanHayward.SuperCoolRedo;
				PRODUCT_NAME = "$(TARGET_NAME)";
			};
			name = Release;
		};
/* End XCBuildConfiguration section */

/* Begin XCConfigurationList section */
		D86C0BC91C98A33E00566691 /* Build configuration list for PBXProject "SuperCoolRedo" */ = {
			isa = XCConfigurationList;
			buildConfigurations = (
				D86C0BDE1C98A33E00566691 /* Debug */,
				D86C0BDF1C98A33E00566691 /* Release */,
			);
			defaultConfigurationIsVisible = 0;
			defaultConfigurationName = Release;
		};
		D86C0BE01C98A33E00566691 /* Build configuration list for PBXNativeTarget "SuperCoolRedo" */ = {
			isa = XCConfigurationList;
			buildConfigurations = (
				D86C0BE11C98A33E00566691 /* Debug */,
				D86C0BE21C98A33E00566691 /* Release */,
			);
			defaultConfigurationIsVisible = 0;
		};
/* End XCConfigurationList section */
	};
	rootObject = D86C0BC61C98A33E00566691 /* Project object */;
}
